
Microsoft Visual Studio Solution File, Format Version 12.00
# Visual Studio Version 17
VisualStudioVersion = 17.5.33424.131
MinimumVisualStudioVersion = 10.0.40219.1
Project("{FAE04EC0-301F-11D3-BF4B-00C04F79EFBC}") = "task1", "homework10\task1.csproj", "{B052F396-8E95-4703-BBA7-41917E734A39}"
EndProject
Project("{FAE04EC0-301F-11D3-BF4B-00C04F79EFBC}") = "task2", "task2\task2.csproj", "{1DB90908-0B40-4545-B7B5-3F7129FB6B1B}"
EndProject
Global
	GlobalSection(SolutionConfigurationPlatforms) = preSolution
		Debug|Any CPU = Debug|Any CPU
		Release|Any CPU = Release|Any CPU
	EndGlobalSection
	GlobalSection(ProjectConfigurationPlatforms) = postSolution
		{B052F396-8E95-4703-BBA7-41917E734A39}.Debug|Any CPU.ActiveCfg = Debug|Any CPU
		{B052F396-8E95-4703-BBA7-41917E734A39}.Debug|Any CPU.Build.0 = Debug|Any CPU
		{B052F396-8E95-4703-BBA7-41917E734A39}.Release|Any CPU.ActiveCfg = Release|Any CPU
		{B052F396-8E95-4703-BBA7-41917E734A39}.Release|Any CPU.Build.0 = Release|Any CPU
		{1DB90908-0B40-4545-B7B5-3F7129FB6B1B}.Debug|Any CPU.ActiveCfg = Debug|Any CPU
		{1DB90908-0B40-4545-B7B5-3F7129FB6B1B}.Debug|Any CPU.Build.0 = Debug|Any CPU
		{1DB90908-0B40-4545-B7B5-3F7129FB6B1B}.Release|Any CPU.ActiveCfg = Release|Any CPU
		{1DB90908-0B40-4545-B7B5-3F7129FB6B1B}.Release|Any CPU.Build.0 = Release|Any CPU
	EndGlobalSection
	GlobalSection(SolutionProperties) = preSolution
		HideSolutionNode = FALSE
	EndGlobalSection
	GlobalSection(ExtensibilityGlobals) = postSolution
		SolutionGuid = {A273E88C-23A3-4DA8-87E1-4F131A45F62E}
	EndGlobalSection
EndGlobal
