
Microsoft Visual Studio Solution File, Format Version 12.00
# Visual Studio Version 17
VisualStudioVersion = 17.5.33424.131
MinimumVisualStudioVersion = 10.0.40219.1
Project("{FAE04EC0-301F-11D3-BF4B-00C04F79EFBC}") = "Homework 2", "Homework 2.csproj", "{653B4DE8-7EAD-4BE0-A9B5-B7855AEFC424}"
EndProject
Global
	GlobalSection(SolutionConfigurationPlatforms) = preSolution
		Debug|Any CPU = Debug|Any CPU
		Release|Any CPU = Release|Any CPU
	EndGlobalSection
	GlobalSection(ProjectConfigurationPlatforms) = postSolution
		{653B4DE8-7EAD-4BE0-A9B5-B7855AEFC424}.Debug|Any CPU.ActiveCfg = Debug|Any CPU
		{653B4DE8-7EAD-4BE0-A9B5-B7855AEFC424}.Debug|Any CPU.Build.0 = Debug|Any CPU
		{653B4DE8-7EAD-4BE0-A9B5-B7855AEFC424}.Release|Any CPU.ActiveCfg = Release|Any CPU
		{653B4DE8-7EAD-4BE0-A9B5-B7855AEFC424}.Release|Any CPU.Build.0 = Release|Any CPU
	EndGlobalSection
	GlobalSection(SolutionProperties) = preSolution
		HideSolutionNode = FALSE
	EndGlobalSection
	GlobalSection(ExtensibilityGlobals) = postSolution
		SolutionGuid = {9F48B5A6-B9B2-4D00-A8AE-AF9177B9F62B}
	EndGlobalSection
EndGlobal
