
Microsoft Visual Studio Solution File, Format Version 12.00
# Visual Studio Version 17
VisualStudioVersion = 17.6.33723.286
MinimumVisualStudioVersion = 10.0.40219.1
Project("{FAE04EC0-301F-11D3-BF4B-00C04F79EFBC}") = "FurnitureFactory", "FurnitureFactory\FurnitureFactory.csproj", "{4C592A7D-5E45-4096-83B2-FEB1836CBA06}"
EndProject
Project("{FAE04EC0-301F-11D3-BF4B-00C04F79EFBC}") = "MovieMaker", "MovieMaker\MovieMaker.csproj", "{4E9994A7-0CC3-468A-90E8-78EF53ED3D96}"
EndProject
Project("{FAE04EC0-301F-11D3-BF4B-00C04F79EFBC}") = "ReportGenrator", "ReportGenrator\ReportGenrator.csproj", "{0B1008D6-22B9-434B-AE4E-BDFCCEA3A817}"
EndProject
Global
	GlobalSection(SolutionConfigurationPlatforms) = preSolution
		Debug|Any CPU = Debug|Any CPU
		Release|Any CPU = Release|Any CPU
	EndGlobalSection
	GlobalSection(ProjectConfigurationPlatforms) = postSolution
		{4C592A7D-5E45-4096-83B2-FEB1836CBA06}.Debug|Any CPU.ActiveCfg = Debug|Any CPU
		{4C592A7D-5E45-4096-83B2-FEB1836CBA06}.Debug|Any CPU.Build.0 = Debug|Any CPU
		{4C592A7D-5E45-4096-83B2-FEB1836CBA06}.Release|Any CPU.ActiveCfg = Release|Any CPU
		{4C592A7D-5E45-4096-83B2-FEB1836CBA06}.Release|Any CPU.Build.0 = Release|Any CPU
		{4E9994A7-0CC3-468A-90E8-78EF53ED3D96}.Debug|Any CPU.ActiveCfg = Debug|Any CPU
		{4E9994A7-0CC3-468A-90E8-78EF53ED3D96}.Debug|Any CPU.Build.0 = Debug|Any CPU
		{4E9994A7-0CC3-468A-90E8-78EF53ED3D96}.Release|Any CPU.ActiveCfg = Release|Any CPU
		{4E9994A7-0CC3-468A-90E8-78EF53ED3D96}.Release|Any CPU.Build.0 = Release|Any CPU
		{0B1008D6-22B9-434B-AE4E-BDFCCEA3A817}.Debug|Any CPU.ActiveCfg = Debug|Any CPU
		{0B1008D6-22B9-434B-AE4E-BDFCCEA3A817}.Debug|Any CPU.Build.0 = Debug|Any CPU
		{0B1008D6-22B9-434B-AE4E-BDFCCEA3A817}.Release|Any CPU.ActiveCfg = Release|Any CPU
		{0B1008D6-22B9-434B-AE4E-BDFCCEA3A817}.Release|Any CPU.Build.0 = Release|Any CPU
	EndGlobalSection
	GlobalSection(SolutionProperties) = preSolution
		HideSolutionNode = FALSE
	EndGlobalSection
	GlobalSection(ExtensibilityGlobals) = postSolution
		SolutionGuid = {AACF78FE-DDAE-4419-AA0A-EE24676F9A2C}
	EndGlobalSection
EndGlobal
