
Microsoft Visual Studio Solution File, Format Version 12.00
# Visual Studio Version 17
VisualStudioVersion = 17.5.33424.131
MinimumVisualStudioVersion = 10.0.40219.1
Project("{FAE04EC0-301F-11D3-BF4B-00C04F79EFBC}") = "homework8", "homework8.csproj", "{3A24DDF6-6E83-44E3-88A2-939B5DA98063}"
EndProject
Global
	GlobalSection(SolutionConfigurationPlatforms) = preSolution
		Debug|Any CPU = Debug|Any CPU
		Release|Any CPU = Release|Any CPU
	EndGlobalSection
	GlobalSection(ProjectConfigurationPlatforms) = postSolution
		{3A24DDF6-6E83-44E3-88A2-939B5DA98063}.Debug|Any CPU.ActiveCfg = Debug|Any CPU
		{3A24DDF6-6E83-44E3-88A2-939B5DA98063}.Debug|Any CPU.Build.0 = Debug|Any CPU
		{3A24DDF6-6E83-44E3-88A2-939B5DA98063}.Release|Any CPU.ActiveCfg = Release|Any CPU
		{3A24DDF6-6E83-44E3-88A2-939B5DA98063}.Release|Any CPU.Build.0 = Release|Any CPU
	EndGlobalSection
	GlobalSection(SolutionProperties) = preSolution
		HideSolutionNode = FALSE
	EndGlobalSection
	GlobalSection(ExtensibilityGlobals) = postSolution
		SolutionGuid = {E5CEDB3F-65C6-4727-AEB5-D22049E99B7F}
	EndGlobalSection
EndGlobal
